
Microsoft Visual Studio Solution File, Format Version 12.00
# Visual Studio Version 16
VisualStudioVersion = 16.0.31729.503
MinimumVisualStudioVersion = 10.0.40219.1
Project("{8BC9CEB8-8B4A-11D0-8D11-00A0C91BC942}") = "ImmPad-Level3-Step2", "ImmPad-Level3-Step2.vcxproj", "{827159F7-0E03-499C-9F6F-45F3023DC80B}"
EndProject
Global
	GlobalSection(SolutionConfigurationPlatforms) = preSolution
		Debug|Win32 = Debug|Win32
		Release|Win32 = Release|Win32
	EndGlobalSection
	GlobalSection(ProjectConfigurationPlatforms) = postSolution
		{827159F7-0E03-499C-9F6F-45F3023DC80B}.Debug|Win32.ActiveCfg = Debug|Win32
		{827159F7-0E03-499C-9F6F-45F3023DC80B}.Debug|Win32.Build.0 = Debug|Win32
		{827159F7-0E03-499C-9F6F-45F3023DC80B}.Release|Win32.ActiveCfg = Release|Win32
		{827159F7-0E03-499C-9F6F-45F3023DC80B}.Release|Win32.Build.0 = Release|Win32
	EndGlobalSection
	GlobalSection(SolutionProperties) = preSolution
		HideSolutionNode = FALSE
	EndGlobalSection
	GlobalSection(ExtensibilityGlobals) = postSolution
		SolutionGuid = {8ED87188-04FD-4D0B-AC3E-E7270146201D}
	EndGlobalSection
EndGlobal
